
Microsoft Visual Studio Solution File, Format Version 12.00
# Visual Studio 14
VisualStudioVersion = 14.0.23107.0
MinimumVisualStudioVersion = 10.0.40219.1
Project("{FAE04EC0-301F-11D3-BF4B-00C04F79EFBC}") = "ConsoleApplication1", "ConsoleApplication1\ConsoleApplication1.csproj", "{FBBFEA05-32A0-453D-A1C3-AA958E878B09}"
EndProject
Project("{00D1A9C2-B5F0-4AF3-8072-F6C62B433612}") = "Gustav", "Gustav\Gustav.sqlproj", "{61B17BE1-C64A-4092-BEAC-C7C147173477}"
EndProject
Global
	GlobalSection(SolutionConfigurationPlatforms) = preSolution
		Debug|Any CPU = Debug|Any CPU
		Release|Any CPU = Release|Any CPU
	EndGlobalSection
	GlobalSection(ProjectConfigurationPlatforms) = postSolution
		{FBBFEA05-32A0-453D-A1C3-AA958E878B09}.Debug|Any CPU.ActiveCfg = Debug|Any CPU
		{FBBFEA05-32A0-453D-A1C3-AA958E878B09}.Debug|Any CPU.Build.0 = Debug|Any CPU
		{FBBFEA05-32A0-453D-A1C3-AA958E878B09}.Release|Any CPU.ActiveCfg = Release|Any CPU
		{FBBFEA05-32A0-453D-A1C3-AA958E878B09}.Release|Any CPU.Build.0 = Release|Any CPU
		{61B17BE1-C64A-4092-BEAC-C7C147173477}.Debug|Any CPU.ActiveCfg = Debug|Any CPU
		{61B17BE1-C64A-4092-BEAC-C7C147173477}.Debug|Any CPU.Build.0 = Debug|Any CPU
		{61B17BE1-C64A-4092-BEAC-C7C147173477}.Debug|Any CPU.Deploy.0 = Debug|Any CPU
		{61B17BE1-C64A-4092-BEAC-C7C147173477}.Release|Any CPU.ActiveCfg = Release|Any CPU
		{61B17BE1-C64A-4092-BEAC-C7C147173477}.Release|Any CPU.Build.0 = Release|Any CPU
		{61B17BE1-C64A-4092-BEAC-C7C147173477}.Release|Any CPU.Deploy.0 = Release|Any CPU
	EndGlobalSection
	GlobalSection(SolutionProperties) = preSolution
		HideSolutionNode = FALSE
	EndGlobalSection
EndGlobal
